
Microsoft Visual Studio Solution File, Format Version 12.00
# Visual Studio Version 17
VisualStudioVersion = 17.10.34928.147
MinimumVisualStudioVersion = 10.0.40219.1
Project("{FAE04EC0-301F-11D3-BF4B-00C04F79EFBC}") = "BankManipulation", "BankManipulation\BankManipulation.csproj", "{9800C68F-ED03-48AD-BA2B-5BE73D78573A}"
EndProject
Global
	GlobalSection(SolutionConfigurationPlatforms) = preSolution
		Debug|Any CPU = Debug|Any CPU
		Release|Any CPU = Release|Any CPU
	EndGlobalSection
	GlobalSection(ProjectConfigurationPlatforms) = postSolution
		{9800C68F-ED03-48AD-BA2B-5BE73D78573A}.Debug|Any CPU.ActiveCfg = Debug|Any CPU
		{9800C68F-ED03-48AD-BA2B-5BE73D78573A}.Debug|Any CPU.Build.0 = Debug|Any CPU
		{9800C68F-ED03-48AD-BA2B-5BE73D78573A}.Release|Any CPU.ActiveCfg = Release|Any CPU
		{9800C68F-ED03-48AD-BA2B-5BE73D78573A}.Release|Any CPU.Build.0 = Release|Any CPU
	EndGlobalSection
	GlobalSection(SolutionProperties) = preSolution
		HideSolutionNode = FALSE
	EndGlobalSection
	GlobalSection(ExtensibilityGlobals) = postSolution
		SolutionGuid = {2D26C7C0-242D-4448-8901-A04E9EC6C1D8}
	EndGlobalSection
EndGlobal
